
Microsoft Visual Studio Solution File, Format Version 12.00
# Visual Studio 2013
VisualStudioVersion = 12.0.21005.1
MinimumVisualStudioVersion = 10.0.40219.1
Project("{FAE04EC0-301F-11D3-BF4B-00C04F79EFBC}") = "EFTestConsole", "EFTestConsole\EFTestConsole.csproj", "{647D014C-276B-4CC0-886E-0E60BCF723D1}"
EndProject
Project("{FAE04EC0-301F-11D3-BF4B-00C04F79EFBC}") = "EFTestConsoleDAL", "EFTestConsoleDAL\EFTestConsoleDAL.csproj", "{52BFFD8F-8EA0-4ACB-93BE-39445EC9E289}"
EndProject
Project("{FAE04EC0-301F-11D3-BF4B-00C04F79EFBC}") = "CodeFirstDomain", "CodeFirstDomain\CodeFirstDomain.csproj", "{3F7B9CB9-A39B-4A00-9FCA-67EE923F9E59}"
EndProject
Global
	GlobalSection(SolutionConfigurationPlatforms) = preSolution
		Debug|Any CPU = Debug|Any CPU
		Release|Any CPU = Release|Any CPU
	EndGlobalSection
	GlobalSection(ProjectConfigurationPlatforms) = postSolution
		{647D014C-276B-4CC0-886E-0E60BCF723D1}.Debug|Any CPU.ActiveCfg = Debug|Any CPU
		{647D014C-276B-4CC0-886E-0E60BCF723D1}.Debug|Any CPU.Build.0 = Debug|Any CPU
		{647D014C-276B-4CC0-886E-0E60BCF723D1}.Release|Any CPU.ActiveCfg = Release|Any CPU
		{647D014C-276B-4CC0-886E-0E60BCF723D1}.Release|Any CPU.Build.0 = Release|Any CPU
		{52BFFD8F-8EA0-4ACB-93BE-39445EC9E289}.Debug|Any CPU.ActiveCfg = Debug|Any CPU
		{52BFFD8F-8EA0-4ACB-93BE-39445EC9E289}.Debug|Any CPU.Build.0 = Debug|Any CPU
		{52BFFD8F-8EA0-4ACB-93BE-39445EC9E289}.Release|Any CPU.ActiveCfg = Release|Any CPU
		{52BFFD8F-8EA0-4ACB-93BE-39445EC9E289}.Release|Any CPU.Build.0 = Release|Any CPU
		{3F7B9CB9-A39B-4A00-9FCA-67EE923F9E59}.Debug|Any CPU.ActiveCfg = Debug|Any CPU
		{3F7B9CB9-A39B-4A00-9FCA-67EE923F9E59}.Debug|Any CPU.Build.0 = Debug|Any CPU
		{3F7B9CB9-A39B-4A00-9FCA-67EE923F9E59}.Release|Any CPU.ActiveCfg = Release|Any CPU
		{3F7B9CB9-A39B-4A00-9FCA-67EE923F9E59}.Release|Any CPU.Build.0 = Release|Any CPU
	EndGlobalSection
	GlobalSection(SolutionProperties) = preSolution
		HideSolutionNode = FALSE
	EndGlobalSection
EndGlobal
